<?xml version="1.0" encoding="utf-8"?>
<Project ToolsVersion="4.0" xmlns="http://schemas.microsoft.com/developer/msbuild/2003">
  <ItemGroup>
    <ClCompile Include="mysql_art_resultset.cpp">
      <Filter>Source Files</Filter>
    </ClCompile>
    <ClCompile Include="mysql_art_rset_metadata.cpp">
      <Filter>Source Files</Filter>
    </ClCompile>
    <ClCompile Include="mysql_connection.cpp">
      <Filter>Source Files</Filter>
    </ClCompile>
    <ClCompile Include="mysql_debug.cpp">
      <Filter>Source Files</Filter>
    </ClCompile>
    <ClCompile Include="mysql_driver.cpp">
      <Filter>Source Files</Filter>
    </ClCompile>
    <ClCompile Include="mysql_metadata.cpp">
      <Filter>Source Files</Filter>
    </ClCompile>
    <ClCompile Include="mysql_parameter_metadata.cpp">
      <Filter>Source Files</Filter>
    </ClCompile>
    <ClCompile Include="mysql_prepared_statement.cpp">
      <Filter>Source Files</Filter>
    </ClCompile>
    <ClCompile Include="mysql_ps_resultset.cpp">
      <Filter>Source Files</Filter>
    </ClCompile>
    <ClCompile Include="mysql_ps_resultset_metadata.cpp">
      <Filter>Source Files</Filter>
    </ClCompile>
    <ClCompile Include="mysql_resultbind.cpp">
      <Filter>Source Files</Filter>
    </ClCompile>
    <ClCompile Include="mysql_resultset.cpp">
      <Filter>Source Files</Filter>
    </ClCompile>
    <ClCompile Include="mysql_resultset_metadata.cpp">
      <Filter>Source Files</Filter>
    </ClCompile>
    <ClCompile Include="mysql_statement.cpp">
      <Filter>Source Files</Filter>
    </ClCompile>
    <ClCompile Include="mysql_util.cpp">
      <Filter>Source Files</Filter>
    </ClCompile>
    <ClCompile Include="mysql_warning.cpp">
      <Filter>Source Files</Filter>
    </ClCompile>
    <ClCompile Include="mysql_uri.cpp">
      <Filter>Source Files</Filter>
    </ClCompile>
    <ClCompile Include="nativeapi\mysql_client_api.cpp">
      <Filter>NativeApi</Filter>
    </ClCompile>
    <ClCompile Include="nativeapi\library_loader.cpp">
      <Filter>NativeApi</Filter>
    </ClCompile>
    <ClCompile Include="nativeapi\mysql_native_driver_wrapper.cpp">
      <Filter>NativeApi</Filter>
    </ClCompile>
    <ClCompile Include="nativeapi\mysql_native_connection_wrapper.cpp">
      <Filter>NativeApi</Filter>
    </ClCompile>
    <ClCompile Include="nativeapi\mysql_native_statement_wrapper.cpp">
      <Filter>NativeApi</Filter>
    </ClCompile>
    <ClCompile Include="nativeapi\mysql_native_resultset_wrapper.cpp">
      <Filter>NativeApi</Filter>
    </ClCompile>
  </ItemGroup>
  <ItemGroup>
    <ClInclude Include="mysql_art_resultset.h">
      <Filter>Header Files</Filter>
    </ClInclude>
    <ClInclude Include="mysql_art_rset_metadata.h">
      <Filter>Header Files</Filter>
    </ClInclude>
    <ClInclude Include="mysql_connection.h">
      <Filter>Header Files</Filter>
    </ClInclude>
    <ClInclude Include="mysql_connection_options.h">
      <Filter>Header Files</Filter>
    </ClInclude>
    <ClInclude Include="mysql_debug.h">
      <Filter>Header Files</Filter>
    </ClInclude>
    <ClInclude Include="mysql_driver.h">
      <Filter>Header Files</Filter>
    </ClInclude>
    <ClInclude Include="mysql_error.h">
      <Filter>Header Files</Filter>
    </ClInclude>
    <ClInclude Include="mysql_metadata.h">
      <Filter>Header Files</Filter>
    </ClInclude>
    <ClInclude Include="mysql_parameter_metadata.h">
      <Filter>Header Files</Filter>
    </ClInclude>
    <ClInclude Include="mysql_prepared_statement.h">
      <Filter>Header Files</Filter>
    </ClInclude>
    <ClInclude Include="mysql_ps_resultset.h">
      <Filter>Header Files</Filter>
    </ClInclude>
    <ClInclude Include="mysql_ps_resultset_metadata.h">
      <Filter>Header Files</Filter>
    </ClInclude>
    <ClInclude Include="mysql_resultbind.h">
      <Filter>Header Files</Filter>
    </ClInclude>
    <ClInclude Include="mysql_resultset.h">
      <Filter>Header Files</Filter>
    </ClInclude>
    <ClInclude Include="mysql_resultset_metadata.h">
      <Filter>Header Files</Filter>
    </ClInclude>
    <ClInclude Include="mysql_statement.h">
      <Filter>Header Files</Filter>
    </ClInclude>
    <ClInclude Include="mysql_util.h">
      <Filter>Header Files</Filter>
    </ClInclude>
    <ClInclude Include="mysql_warning.h">
      <Filter>Header Files</Filter>
    </ClInclude>
    <ClInclude Include="mysql_uri.h">
      <Filter>Header Files</Filter>
    </ClInclude>
    <ClInclude Include="nativeapi\mysql_client_api.h">
      <Filter>NativeApi</Filter>
    </ClInclude>
    <ClInclude Include="nativeapi\mysql_native_driver_wrapper.h">
      <Filter>NativeApi</Filter>
    </ClInclude>
    <ClInclude Include="nativeapi\native_driver_wrapper.h">
      <Filter>NativeApi</Filter>
    </ClInclude>
    <ClInclude Include="nativeapi\mysql_native_connection_wrapper.h">
      <Filter>NativeApi</Filter>
    </ClInclude>
    <ClInclude Include="nativeapi\native_connection_wrapper.h">
      <Filter>NativeApi</Filter>
    </ClInclude>
    <ClInclude Include="nativeapi\mysql_native_statement_wrapper.h">
      <Filter>NativeApi</Filter>
    </ClInclude>
    <ClInclude Include="nativeapi\native_statement_wrapper.h">
      <Filter>NativeApi</Filter>
    </ClInclude>
    <ClInclude Include="nativeapi\mysql_native_resultset_wrapper.h">
      <Filter>NativeApi</Filter>
    </ClInclude>
    <ClInclude Include="nativeapi\native_resultset_wrapper.h">
      <Filter>NativeApi</Filter>
    </ClInclude>
    <ClInclude Include="..\cppconn\warning.h">
      <Filter>API</Filter>
    </ClInclude>
    <ClInclude Include="..\cppconn\statement.h">
      <Filter>API</Filter>
    </ClInclude>
    <ClInclude Include="..\cppconn\sqlstring.h">
      <Filter>API</Filter>
    </ClInclude>
    <ClInclude Include="..\cppconn\resultset_metadata.h">
      <Filter>API</Filter>
    </ClInclude>
    <ClInclude Include="..\cppconn\resultset.h">
      <Filter>API</Filter>
    </ClInclude>
    <ClInclude Include="..\cppconn\prepared_statement.h">
      <Filter>API</Filter>
    </ClInclude>
    <ClInclude Include="..\cppconn\parameter_metadata.h">
      <Filter>API</Filter>
    </ClInclude>
    <ClInclude Include="..\cppconn\metadata.h">
      <Filter>API</Filter>
    </ClInclude>
    <ClInclude Include="..\cppconn\exception.h">
      <Filter>API</Filter>
    </ClInclude>
    <ClInclude Include="..\cppconn\driver.h">
      <Filter>API</Filter>
    </ClInclude>
    <ClInclude Include="..\cppconn\datatype.h">
      <Filter>API</Filter>
    </ClInclude>
    <ClInclude Include="..\cppconn\connection.h">
      <Filter>API</Filter>
    </ClInclude>
    <ClInclude Include="..\cppconn\config.h">
      <Filter>API</Filter>
    </ClInclude>
    <ClInclude Include="..\cppconn\build_config.h">
      <Filter>API</Filter>
    </ClInclude>
  </ItemGroup>
  <ItemGroup>
    <CustomBuild Include="CMakeLists.txt" />
  </ItemGroup>
  <ItemGroup>
    <Filter Include="Source Files">
      <UniqueIdentifier>{813EA962-3E87-49A7-B55B-07FB64DAF079}</UniqueIdentifier>
    </Filter>
    <Filter Include="Header Files">
      <UniqueIdentifier>{1B8697D6-2F5D-40DC-9AAB-4729EFA2A349}</UniqueIdentifier>
    </Filter>
    <Filter Include="NativeApi">
      <UniqueIdentifier>{F74F1102-4038-4E3D-844F-C5466BBDEEE0}</UniqueIdentifier>
    </Filter>
    <Filter Include="API">
      <UniqueIdentifier>{C1B9CE54-D7A8-48A6-8FA1-DB8F482FDC5D}</UniqueIdentifier>
    </Filter>
  </ItemGroup>
</Project>
