Microsoft Visual Studio Solution File, Format Version 11.00
# Visual C++ Express 2010
Project("{8BC9CEB8-8B4A-11D0-8D11-00A0C91BC942}") = "ALL_BUILD", "ALL_BUILD.vcxproj", "{F7AB926D-D02C-4115-BB4F-0B135729EE57}"
	ProjectSection(ProjectDependencies) = postProject
		{DE1ABD7C-0984-40EF-9DF8-44F5FA1EEDC1} = {DE1ABD7C-0984-40EF-9DF8-44F5FA1EEDC1}
		{21D5CAA9-4DB3-4A1F-85AC-A56256514E26} = {21D5CAA9-4DB3-4A1F-85AC-A56256514E26}
		{5E6CB62E-BDED-4361-A78C-E684286F6CAE} = {5E6CB62E-BDED-4361-A78C-E684286F6CAE}
		{26FF1CEC-4087-461C-9CA1-5DA10BF36157} = {26FF1CEC-4087-461C-9CA1-5DA10BF36157}
		{69A426E1-8A97-4959-A76B-20F3A421D465} = {69A426E1-8A97-4959-A76B-20F3A421D465}
		{0AD75A3C-0DD2-4336-A6C4-EF8EDCB54BC9} = {0AD75A3C-0DD2-4336-A6C4-EF8EDCB54BC9}
		{C7D1B849-84A6-447C-9E0D-181CE572F6DA} = {C7D1B849-84A6-447C-9E0D-181CE572F6DA}
		{E1E57951-E677-41EC-8175-CB05A408AFFD} = {E1E57951-E677-41EC-8175-CB05A408AFFD}
		{93B12AC9-D76B-44AD-A2E0-99ED5EDAB504} = {93B12AC9-D76B-44AD-A2E0-99ED5EDAB504}
		{43F45D53-7ED1-4D7A-A565-738CAF34B22D} = {43F45D53-7ED1-4D7A-A565-738CAF34B22D}
		{6BF26C3C-24FF-4BF5-8B81-BC12754967E8} = {6BF26C3C-24FF-4BF5-8B81-BC12754967E8}
		{E5501785-098E-4CF8-BC27-DBE554395ED4} = {E5501785-098E-4CF8-BC27-DBE554395ED4}
		{F92A0D40-CB35-431C-AC4D-6A09E8091917} = {F92A0D40-CB35-431C-AC4D-6A09E8091917}
		{FA20F654-6BF1-4F6F-923A-33E08E6D193A} = {FA20F654-6BF1-4F6F-923A-33E08E6D193A}
		{CD48482F-172D-4E54-87B0-F439F6C54458} = {CD48482F-172D-4E54-87B0-F439F6C54458}
		{70751908-61F3-42EC-9952-AB051AABD302} = {70751908-61F3-42EC-9952-AB051AABD302}
		{DC996918-6E04-44E5-BEE2-B095EEEDEC3B} = {DC996918-6E04-44E5-BEE2-B095EEEDEC3B}
		{53B75BA2-1AE7-4016-9293-C9A8E6D48342} = {53B75BA2-1AE7-4016-9293-C9A8E6D48342}
		{6AA40E24-2822-4F3E-9D8D-18099C583586} = {6AA40E24-2822-4F3E-9D8D-18099C583586}
		{1DF31ADC-649B-4FE2-A979-D378CBBEC4CA} = {1DF31ADC-649B-4FE2-A979-D378CBBEC4CA}
		{FC7F8D2B-22CE-4076-AB75-BE913E0AA54E} = {FC7F8D2B-22CE-4076-AB75-BE913E0AA54E}
		{7DC3745F-5EE4-4E0E-A457-CCD93CB7A8F7} = {7DC3745F-5EE4-4E0E-A457-CCD93CB7A8F7}
		{40E1A1D3-A33B-4D71-88F2-A7292721DEB6} = {40E1A1D3-A33B-4D71-88F2-A7292721DEB6}
		{CA33EBF6-97BD-4FAA-9CC4-F2FDAC64D110} = {CA33EBF6-97BD-4FAA-9CC4-F2FDAC64D110}
		{C0021246-56F5-4224-8C67-D4CF080F3ED0} = {C0021246-56F5-4224-8C67-D4CF080F3ED0}
		{43200149-04E4-4B9B-AA20-616FDCF61C2E} = {43200149-04E4-4B9B-AA20-616FDCF61C2E}
		{B86DBAE1-F9F0-415C-BA7B-01E431B079A3} = {B86DBAE1-F9F0-415C-BA7B-01E431B079A3}
		{A32918DA-E397-47C5-90F1-1483FE3A8F35} = {A32918DA-E397-47C5-90F1-1483FE3A8F35}
		{8B054548-4CC1-4884-8F6B-070E8955BAF9} = {8B054548-4CC1-4884-8F6B-070E8955BAF9}
		{E99C7222-9661-476F-A24C-DF8E0F2B7F9A} = {E99C7222-9661-476F-A24C-DF8E0F2B7F9A}
		{C39EB931-73F0-418F-9B6D-2E260717AD0C} = {C39EB931-73F0-418F-9B6D-2E260717AD0C}
		{461BFC5D-8380-426B-8B94-9F043C048451} = {461BFC5D-8380-426B-8B94-9F043C048451}
		{E777DAEF-45F7-41D8-8808-A15AA5A53D59} = {E777DAEF-45F7-41D8-8808-A15AA5A53D59}
	EndProjectSection
EndProject
Project("{8BC9CEB8-8B4A-11D0-8D11-00A0C91BC942}") = "CJUnitTestsPort", "test\CJUnitTestsPort\CJUnitTestsPort.vcxproj", "{DE1ABD7C-0984-40EF-9DF8-44F5FA1EEDC1}"
	ProjectSection(ProjectDependencies) = postProject
		{21D5CAA9-4DB3-4A1F-85AC-A56256514E26} = {21D5CAA9-4DB3-4A1F-85AC-A56256514E26}
		{E5501785-098E-4CF8-BC27-DBE554395ED4} = {E5501785-098E-4CF8-BC27-DBE554395ED4}
		{C0021246-56F5-4224-8C67-D4CF080F3ED0} = {C0021246-56F5-4224-8C67-D4CF080F3ED0}
	EndProjectSection
EndProject
Project("{8BC9CEB8-8B4A-11D0-8D11-00A0C91BC942}") = "INSTALL", "INSTALL.vcxproj", "{CB15C29C-5646-4935-A5B1-A2A46875CD2C}"
	ProjectSection(ProjectDependencies) = postProject
		{F7AB926D-D02C-4115-BB4F-0B135729EE57} = {F7AB926D-D02C-4115-BB4F-0B135729EE57}
	EndProjectSection
EndProject
Project("{8BC9CEB8-8B4A-11D0-8D11-00A0C91BC942}") = "PACKAGE", "PACKAGE.vcxproj", "{6486CB59-077B-42AA-84BA-05374057F8FA}"
	ProjectSection(ProjectDependencies) = postProject
		{F7AB926D-D02C-4115-BB4F-0B135729EE57} = {F7AB926D-D02C-4115-BB4F-0B135729EE57}
	EndProjectSection
EndProject
Project("{8BC9CEB8-8B4A-11D0-8D11-00A0C91BC942}") = "ZERO_CHECK", "ZERO_CHECK.vcxproj", "{21D5CAA9-4DB3-4A1F-85AC-A56256514E26}"
	ProjectSection(ProjectDependencies) = postProject
	EndProjectSection
EndProject
Project("{8BC9CEB8-8B4A-11D0-8D11-00A0C91BC942}") = "bug123", "test\unit\template_bug_group\bug123.vcxproj", "{5E6CB62E-BDED-4361-A78C-E684286F6CAE}"
	ProjectSection(ProjectDependencies) = postProject
		{21D5CAA9-4DB3-4A1F-85AC-A56256514E26} = {21D5CAA9-4DB3-4A1F-85AC-A56256514E26}
		{E5501785-098E-4CF8-BC27-DBE554395ED4} = {E5501785-098E-4CF8-BC27-DBE554395ED4}
		{C0021246-56F5-4224-8C67-D4CF080F3ED0} = {C0021246-56F5-4224-8C67-D4CF080F3ED0}
	EndProjectSection
EndProject
Project("{8BC9CEB8-8B4A-11D0-8D11-00A0C91BC942}") = "bug456", "test\unit\template_bug_group\bug456.vcxproj", "{26FF1CEC-4087-461C-9CA1-5DA10BF36157}"
	ProjectSection(ProjectDependencies) = postProject
		{21D5CAA9-4DB3-4A1F-85AC-A56256514E26} = {21D5CAA9-4DB3-4A1F-85AC-A56256514E26}
		{E5501785-098E-4CF8-BC27-DBE554395ED4} = {E5501785-098E-4CF8-BC27-DBE554395ED4}
		{C0021246-56F5-4224-8C67-D4CF080F3ED0} = {C0021246-56F5-4224-8C67-D4CF080F3ED0}
	EndProjectSection
EndProject
Project("{8BC9CEB8-8B4A-11D0-8D11-00A0C91BC942}") = "connect", "examples\connect.vcxproj", "{69A426E1-8A97-4959-A76B-20F3A421D465}"
	ProjectSection(ProjectDependencies) = postProject
		{21D5CAA9-4DB3-4A1F-85AC-A56256514E26} = {21D5CAA9-4DB3-4A1F-85AC-A56256514E26}
		{E5501785-098E-4CF8-BC27-DBE554395ED4} = {E5501785-098E-4CF8-BC27-DBE554395ED4}
	EndProjectSection
EndProject
Project("{8BC9CEB8-8B4A-11D0-8D11-00A0C91BC942}") = "connection_meta_schemaobj", "examples\connection_meta_schemaobj.vcxproj", "{0AD75A3C-0DD2-4336-A6C4-EF8EDCB54BC9}"
	ProjectSection(ProjectDependencies) = postProject
		{21D5CAA9-4DB3-4A1F-85AC-A56256514E26} = {21D5CAA9-4DB3-4A1F-85AC-A56256514E26}
		{E5501785-098E-4CF8-BC27-DBE554395ED4} = {E5501785-098E-4CF8-BC27-DBE554395ED4}
	EndProjectSection
EndProject
Project("{8BC9CEB8-8B4A-11D0-8D11-00A0C91BC942}") = "debug_output", "examples\debug_output.vcxproj", "{C7D1B849-84A6-447C-9E0D-181CE572F6DA}"
	ProjectSection(ProjectDependencies) = postProject
		{21D5CAA9-4DB3-4A1F-85AC-A56256514E26} = {21D5CAA9-4DB3-4A1F-85AC-A56256514E26}
		{E5501785-098E-4CF8-BC27-DBE554395ED4} = {E5501785-098E-4CF8-BC27-DBE554395ED4}
	EndProjectSection
EndProject
Project("{8BC9CEB8-8B4A-11D0-8D11-00A0C91BC942}") = "driver_test", "test\driver_test.vcxproj", "{E1E57951-E677-41EC-8175-CB05A408AFFD}"
	ProjectSection(ProjectDependencies) = postProject
		{21D5CAA9-4DB3-4A1F-85AC-A56256514E26} = {21D5CAA9-4DB3-4A1F-85AC-A56256514E26}
		{E5501785-098E-4CF8-BC27-DBE554395ED4} = {E5501785-098E-4CF8-BC27-DBE554395ED4}
	EndProjectSection
EndProject
Project("{8BC9CEB8-8B4A-11D0-8D11-00A0C91BC942}") = "dynamic_load", "examples\dynamic_load.vcxproj", "{93B12AC9-D76B-44AD-A2E0-99ED5EDAB504}"
	ProjectSection(ProjectDependencies) = postProject
		{21D5CAA9-4DB3-4A1F-85AC-A56256514E26} = {21D5CAA9-4DB3-4A1F-85AC-A56256514E26}
		{E5501785-098E-4CF8-BC27-DBE554395ED4} = {E5501785-098E-4CF8-BC27-DBE554395ED4}
	EndProjectSection
EndProject
Project("{8BC9CEB8-8B4A-11D0-8D11-00A0C91BC942}") = "example", "test\unit\example\example.vcxproj", "{43F45D53-7ED1-4D7A-A565-738CAF34B22D}"
	ProjectSection(ProjectDependencies) = postProject
		{21D5CAA9-4DB3-4A1F-85AC-A56256514E26} = {21D5CAA9-4DB3-4A1F-85AC-A56256514E26}
		{E5501785-098E-4CF8-BC27-DBE554395ED4} = {E5501785-098E-4CF8-BC27-DBE554395ED4}
		{C0021246-56F5-4224-8C67-D4CF080F3ED0} = {C0021246-56F5-4224-8C67-D4CF080F3ED0}
	EndProjectSection
EndProject
Project("{8BC9CEB8-8B4A-11D0-8D11-00A0C91BC942}") = "exceptions", "examples\exceptions.vcxproj", "{6BF26C3C-24FF-4BF5-8B81-BC12754967E8}"
	ProjectSection(ProjectDependencies) = postProject
		{21D5CAA9-4DB3-4A1F-85AC-A56256514E26} = {21D5CAA9-4DB3-4A1F-85AC-A56256514E26}
		{E5501785-098E-4CF8-BC27-DBE554395ED4} = {E5501785-098E-4CF8-BC27-DBE554395ED4}
	EndProjectSection
EndProject
Project("{8BC9CEB8-8B4A-11D0-8D11-00A0C91BC942}") = "mysqlcppconn", "driver\mysqlcppconn.vcxproj", "{E5501785-098E-4CF8-BC27-DBE554395ED4}"
	ProjectSection(ProjectDependencies) = postProject
		{21D5CAA9-4DB3-4A1F-85AC-A56256514E26} = {21D5CAA9-4DB3-4A1F-85AC-A56256514E26}
	EndProjectSection
EndProject
Project("{8BC9CEB8-8B4A-11D0-8D11-00A0C91BC942}") = "mysqlcppconn-static", "driver\mysqlcppconn-static.vcxproj", "{F92A0D40-CB35-431C-AC4D-6A09E8091917}"
	ProjectSection(ProjectDependencies) = postProject
		{21D5CAA9-4DB3-4A1F-85AC-A56256514E26} = {21D5CAA9-4DB3-4A1F-85AC-A56256514E26}
	EndProjectSection
EndProject
Project("{8BC9CEB8-8B4A-11D0-8D11-00A0C91BC942}") = "perf_statement", "test\unit\performance\perf_statement.vcxproj", "{FA20F654-6BF1-4F6F-923A-33E08E6D193A}"
	ProjectSection(ProjectDependencies) = postProject
		{21D5CAA9-4DB3-4A1F-85AC-A56256514E26} = {21D5CAA9-4DB3-4A1F-85AC-A56256514E26}
		{E5501785-098E-4CF8-BC27-DBE554395ED4} = {E5501785-098E-4CF8-BC27-DBE554395ED4}
		{C0021246-56F5-4224-8C67-D4CF080F3ED0} = {C0021246-56F5-4224-8C67-D4CF080F3ED0}
	EndProjectSection
EndProject
Project("{8BC9CEB8-8B4A-11D0-8D11-00A0C91BC942}") = "prepared_statement", "examples\prepared_statement.vcxproj", "{CD48482F-172D-4E54-87B0-F439F6C54458}"
	ProjectSection(ProjectDependencies) = postProject
		{21D5CAA9-4DB3-4A1F-85AC-A56256514E26} = {21D5CAA9-4DB3-4A1F-85AC-A56256514E26}
		{E5501785-098E-4CF8-BC27-DBE554395ED4} = {E5501785-098E-4CF8-BC27-DBE554395ED4}
	EndProjectSection
EndProject
Project("{8BC9CEB8-8B4A-11D0-8D11-00A0C91BC942}") = "resultset", "examples\resultset.vcxproj", "{70751908-61F3-42EC-9952-AB051AABD302}"
	ProjectSection(ProjectDependencies) = postProject
		{21D5CAA9-4DB3-4A1F-85AC-A56256514E26} = {21D5CAA9-4DB3-4A1F-85AC-A56256514E26}
		{E5501785-098E-4CF8-BC27-DBE554395ED4} = {E5501785-098E-4CF8-BC27-DBE554395ED4}
	EndProjectSection
EndProject
Project("{8BC9CEB8-8B4A-11D0-8D11-00A0C91BC942}") = "resultset_binary", "examples\resultset_binary.vcxproj", "{DC996918-6E04-44E5-BEE2-B095EEEDEC3B}"
	ProjectSection(ProjectDependencies) = postProject
		{21D5CAA9-4DB3-4A1F-85AC-A56256514E26} = {21D5CAA9-4DB3-4A1F-85AC-A56256514E26}
		{E5501785-098E-4CF8-BC27-DBE554395ED4} = {E5501785-098E-4CF8-BC27-DBE554395ED4}
	EndProjectSection
EndProject
Project("{8BC9CEB8-8B4A-11D0-8D11-00A0C91BC942}") = "resultset_meta", "examples\resultset_meta.vcxproj", "{53B75BA2-1AE7-4016-9293-C9A8E6D48342}"
	ProjectSection(ProjectDependencies) = postProject
		{21D5CAA9-4DB3-4A1F-85AC-A56256514E26} = {21D5CAA9-4DB3-4A1F-85AC-A56256514E26}
		{E5501785-098E-4CF8-BC27-DBE554395ED4} = {E5501785-098E-4CF8-BC27-DBE554395ED4}
	EndProjectSection
EndProject
Project("{8BC9CEB8-8B4A-11D0-8D11-00A0C91BC942}") = "resultset_types", "examples\resultset_types.vcxproj", "{6AA40E24-2822-4F3E-9D8D-18099C583586}"
	ProjectSection(ProjectDependencies) = postProject
		{21D5CAA9-4DB3-4A1F-85AC-A56256514E26} = {21D5CAA9-4DB3-4A1F-85AC-A56256514E26}
		{E5501785-098E-4CF8-BC27-DBE554395ED4} = {E5501785-098E-4CF8-BC27-DBE554395ED4}
	EndProjectSection
EndProject
Project("{8BC9CEB8-8B4A-11D0-8D11-00A0C91BC942}") = "statement", "examples\statement.vcxproj", "{1DF31ADC-649B-4FE2-A979-D378CBBEC4CA}"
	ProjectSection(ProjectDependencies) = postProject
		{21D5CAA9-4DB3-4A1F-85AC-A56256514E26} = {21D5CAA9-4DB3-4A1F-85AC-A56256514E26}
		{E5501785-098E-4CF8-BC27-DBE554395ED4} = {E5501785-098E-4CF8-BC27-DBE554395ED4}
	EndProjectSection
EndProject
Project("{8BC9CEB8-8B4A-11D0-8D11-00A0C91BC942}") = "static_test", "test\static_test.vcxproj", "{FC7F8D2B-22CE-4076-AB75-BE913E0AA54E}"
	ProjectSection(ProjectDependencies) = postProject
		{21D5CAA9-4DB3-4A1F-85AC-A56256514E26} = {21D5CAA9-4DB3-4A1F-85AC-A56256514E26}
		{E5501785-098E-4CF8-BC27-DBE554395ED4} = {E5501785-098E-4CF8-BC27-DBE554395ED4}
	EndProjectSection
EndProject
Project("{8BC9CEB8-8B4A-11D0-8D11-00A0C91BC942}") = "test_art_resultset", "test\unit\classes\test_art_resultset.vcxproj", "{7DC3745F-5EE4-4E0E-A457-CCD93CB7A8F7}"
	ProjectSection(ProjectDependencies) = postProject
		{21D5CAA9-4DB3-4A1F-85AC-A56256514E26} = {21D5CAA9-4DB3-4A1F-85AC-A56256514E26}
		{F92A0D40-CB35-431C-AC4D-6A09E8091917} = {F92A0D40-CB35-431C-AC4D-6A09E8091917}
		{C0021246-56F5-4224-8C67-D4CF080F3ED0} = {C0021246-56F5-4224-8C67-D4CF080F3ED0}
	EndProjectSection
EndProject
Project("{8BC9CEB8-8B4A-11D0-8D11-00A0C91BC942}") = "test_connection", "test\unit\classes\test_connection.vcxproj", "{40E1A1D3-A33B-4D71-88F2-A7292721DEB6}"
	ProjectSection(ProjectDependencies) = postProject
		{21D5CAA9-4DB3-4A1F-85AC-A56256514E26} = {21D5CAA9-4DB3-4A1F-85AC-A56256514E26}
		{E5501785-098E-4CF8-BC27-DBE554395ED4} = {E5501785-098E-4CF8-BC27-DBE554395ED4}
		{C0021246-56F5-4224-8C67-D4CF080F3ED0} = {C0021246-56F5-4224-8C67-D4CF080F3ED0}
	EndProjectSection
EndProject
Project("{8BC9CEB8-8B4A-11D0-8D11-00A0C91BC942}") = "test_databasemetadata", "test\unit\classes\test_databasemetadata.vcxproj", "{CA33EBF6-97BD-4FAA-9CC4-F2FDAC64D110}"
	ProjectSection(ProjectDependencies) = postProject
		{21D5CAA9-4DB3-4A1F-85AC-A56256514E26} = {21D5CAA9-4DB3-4A1F-85AC-A56256514E26}
		{E5501785-098E-4CF8-BC27-DBE554395ED4} = {E5501785-098E-4CF8-BC27-DBE554395ED4}
		{C0021246-56F5-4224-8C67-D4CF080F3ED0} = {C0021246-56F5-4224-8C67-D4CF080F3ED0}
	EndProjectSection
EndProject
Project("{8BC9CEB8-8B4A-11D0-8D11-00A0C91BC942}") = "test_framework", "test\framework\test_framework.vcxproj", "{C0021246-56F5-4224-8C67-D4CF080F3ED0}"
	ProjectSection(ProjectDependencies) = postProject
		{21D5CAA9-4DB3-4A1F-85AC-A56256514E26} = {21D5CAA9-4DB3-4A1F-85AC-A56256514E26}
	EndProjectSection
EndProject
Project("{8BC9CEB8-8B4A-11D0-8D11-00A0C91BC942}") = "test_parametermetadata", "test\unit\classes\test_parametermetadata.vcxproj", "{43200149-04E4-4B9B-AA20-616FDCF61C2E}"
	ProjectSection(ProjectDependencies) = postProject
		{21D5CAA9-4DB3-4A1F-85AC-A56256514E26} = {21D5CAA9-4DB3-4A1F-85AC-A56256514E26}
		{E5501785-098E-4CF8-BC27-DBE554395ED4} = {E5501785-098E-4CF8-BC27-DBE554395ED4}
		{C0021246-56F5-4224-8C67-D4CF080F3ED0} = {C0021246-56F5-4224-8C67-D4CF080F3ED0}
	EndProjectSection
EndProject
Project("{8BC9CEB8-8B4A-11D0-8D11-00A0C91BC942}") = "test_preparedstatement", "test\unit\classes\test_preparedstatement.vcxproj", "{B86DBAE1-F9F0-415C-BA7B-01E431B079A3}"
	ProjectSection(ProjectDependencies) = postProject
		{21D5CAA9-4DB3-4A1F-85AC-A56256514E26} = {21D5CAA9-4DB3-4A1F-85AC-A56256514E26}
		{E5501785-098E-4CF8-BC27-DBE554395ED4} = {E5501785-098E-4CF8-BC27-DBE554395ED4}
		{C0021246-56F5-4224-8C67-D4CF080F3ED0} = {C0021246-56F5-4224-8C67-D4CF080F3ED0}
	EndProjectSection
EndProject
Project("{8BC9CEB8-8B4A-11D0-8D11-00A0C91BC942}") = "test_resultset", "test\unit\classes\test_resultset.vcxproj", "{A32918DA-E397-47C5-90F1-1483FE3A8F35}"
	ProjectSection(ProjectDependencies) = postProject
		{21D5CAA9-4DB3-4A1F-85AC-A56256514E26} = {21D5CAA9-4DB3-4A1F-85AC-A56256514E26}
		{E5501785-098E-4CF8-BC27-DBE554395ED4} = {E5501785-098E-4CF8-BC27-DBE554395ED4}
		{C0021246-56F5-4224-8C67-D4CF080F3ED0} = {C0021246-56F5-4224-8C67-D4CF080F3ED0}
	EndProjectSection
EndProject
Project("{8BC9CEB8-8B4A-11D0-8D11-00A0C91BC942}") = "test_resultsetmetadata", "test\unit\classes\test_resultsetmetadata.vcxproj", "{8B054548-4CC1-4884-8F6B-070E8955BAF9}"
	ProjectSection(ProjectDependencies) = postProject
		{21D5CAA9-4DB3-4A1F-85AC-A56256514E26} = {21D5CAA9-4DB3-4A1F-85AC-A56256514E26}
		{E5501785-098E-4CF8-BC27-DBE554395ED4} = {E5501785-098E-4CF8-BC27-DBE554395ED4}
		{C0021246-56F5-4224-8C67-D4CF080F3ED0} = {C0021246-56F5-4224-8C67-D4CF080F3ED0}
	EndProjectSection
EndProject
Project("{8BC9CEB8-8B4A-11D0-8D11-00A0C91BC942}") = "test_savepoint", "test\unit\classes\test_savepoint.vcxproj", "{E99C7222-9661-476F-A24C-DF8E0F2B7F9A}"
	ProjectSection(ProjectDependencies) = postProject
		{21D5CAA9-4DB3-4A1F-85AC-A56256514E26} = {21D5CAA9-4DB3-4A1F-85AC-A56256514E26}
		{E5501785-098E-4CF8-BC27-DBE554395ED4} = {E5501785-098E-4CF8-BC27-DBE554395ED4}
		{C0021246-56F5-4224-8C67-D4CF080F3ED0} = {C0021246-56F5-4224-8C67-D4CF080F3ED0}
	EndProjectSection
EndProject
Project("{8BC9CEB8-8B4A-11D0-8D11-00A0C91BC942}") = "test_statement", "test\unit\classes\test_statement.vcxproj", "{C39EB931-73F0-418F-9B6D-2E260717AD0C}"
	ProjectSection(ProjectDependencies) = postProject
		{21D5CAA9-4DB3-4A1F-85AC-A56256514E26} = {21D5CAA9-4DB3-4A1F-85AC-A56256514E26}
		{E5501785-098E-4CF8-BC27-DBE554395ED4} = {E5501785-098E-4CF8-BC27-DBE554395ED4}
		{C0021246-56F5-4224-8C67-D4CF080F3ED0} = {C0021246-56F5-4224-8C67-D4CF080F3ED0}
	EndProjectSection
EndProject
Project("{8BC9CEB8-8B4A-11D0-8D11-00A0C91BC942}") = "test_uri", "test\unit\classes\test_uri.vcxproj", "{461BFC5D-8380-426B-8B94-9F043C048451}"
	ProjectSection(ProjectDependencies) = postProject
		{21D5CAA9-4DB3-4A1F-85AC-A56256514E26} = {21D5CAA9-4DB3-4A1F-85AC-A56256514E26}
		{E5501785-098E-4CF8-BC27-DBE554395ED4} = {E5501785-098E-4CF8-BC27-DBE554395ED4}
		{C0021246-56F5-4224-8C67-D4CF080F3ED0} = {C0021246-56F5-4224-8C67-D4CF080F3ED0}
	EndProjectSection
EndProject
Project("{8BC9CEB8-8B4A-11D0-8D11-00A0C91BC942}") = "unsorted_bugs", "test\unit\bugs\unsorted_bugs.vcxproj", "{E777DAEF-45F7-41D8-8808-A15AA5A53D59}"
	ProjectSection(ProjectDependencies) = postProject
		{21D5CAA9-4DB3-4A1F-85AC-A56256514E26} = {21D5CAA9-4DB3-4A1F-85AC-A56256514E26}
		{E5501785-098E-4CF8-BC27-DBE554395ED4} = {E5501785-098E-4CF8-BC27-DBE554395ED4}
		{C0021246-56F5-4224-8C67-D4CF080F3ED0} = {C0021246-56F5-4224-8C67-D4CF080F3ED0}
	EndProjectSection
EndProject
Global
	GlobalSection(SolutionConfigurationPlatforms) = preSolution
		Debug|Win32 = Debug|Win32
		Release|Win32 = Release|Win32
	EndGlobalSection
	GlobalSection(ProjectConfigurationPlatforms) = postSolution
		{F7AB926D-D02C-4115-BB4F-0B135729EE57}.Debug|Win32.ActiveCfg = Debug|Win32
		{F7AB926D-D02C-4115-BB4F-0B135729EE57}.Debug|Win32.Build.0 = Debug|Win32
		{F7AB926D-D02C-4115-BB4F-0B135729EE57}.Release|Win32.ActiveCfg = Release|Win32
		{F7AB926D-D02C-4115-BB4F-0B135729EE57}.Release|Win32.Build.0 = Release|Win32
		{DE1ABD7C-0984-40EF-9DF8-44F5FA1EEDC1}.Debug|Win32.ActiveCfg = Debug|Win32
		{DE1ABD7C-0984-40EF-9DF8-44F5FA1EEDC1}.Debug|Win32.Build.0 = Debug|Win32
		{DE1ABD7C-0984-40EF-9DF8-44F5FA1EEDC1}.Release|Win32.ActiveCfg = Release|Win32
		{DE1ABD7C-0984-40EF-9DF8-44F5FA1EEDC1}.Release|Win32.Build.0 = Release|Win32
		{CB15C29C-5646-4935-A5B1-A2A46875CD2C}.Debug|Win32.ActiveCfg = Debug|Win32
		{CB15C29C-5646-4935-A5B1-A2A46875CD2C}.Release|Win32.ActiveCfg = Release|Win32
		{6486CB59-077B-42AA-84BA-05374057F8FA}.Debug|Win32.ActiveCfg = Debug|Win32
		{6486CB59-077B-42AA-84BA-05374057F8FA}.Release|Win32.ActiveCfg = Release|Win32
		{21D5CAA9-4DB3-4A1F-85AC-A56256514E26}.Debug|Win32.ActiveCfg = Debug|Win32
		{21D5CAA9-4DB3-4A1F-85AC-A56256514E26}.Debug|Win32.Build.0 = Debug|Win32
		{21D5CAA9-4DB3-4A1F-85AC-A56256514E26}.Release|Win32.ActiveCfg = Release|Win32
		{21D5CAA9-4DB3-4A1F-85AC-A56256514E26}.Release|Win32.Build.0 = Release|Win32
		{5E6CB62E-BDED-4361-A78C-E684286F6CAE}.Debug|Win32.ActiveCfg = Debug|Win32
		{5E6CB62E-BDED-4361-A78C-E684286F6CAE}.Debug|Win32.Build.0 = Debug|Win32
		{5E6CB62E-BDED-4361-A78C-E684286F6CAE}.Release|Win32.ActiveCfg = Release|Win32
		{5E6CB62E-BDED-4361-A78C-E684286F6CAE}.Release|Win32.Build.0 = Release|Win32
		{26FF1CEC-4087-461C-9CA1-5DA10BF36157}.Debug|Win32.ActiveCfg = Debug|Win32
		{26FF1CEC-4087-461C-9CA1-5DA10BF36157}.Debug|Win32.Build.0 = Debug|Win32
		{26FF1CEC-4087-461C-9CA1-5DA10BF36157}.Release|Win32.ActiveCfg = Release|Win32
		{26FF1CEC-4087-461C-9CA1-5DA10BF36157}.Release|Win32.Build.0 = Release|Win32
		{69A426E1-8A97-4959-A76B-20F3A421D465}.Debug|Win32.ActiveCfg = Debug|Win32
		{69A426E1-8A97-4959-A76B-20F3A421D465}.Debug|Win32.Build.0 = Debug|Win32
		{69A426E1-8A97-4959-A76B-20F3A421D465}.Release|Win32.ActiveCfg = Release|Win32
		{69A426E1-8A97-4959-A76B-20F3A421D465}.Release|Win32.Build.0 = Release|Win32
		{0AD75A3C-0DD2-4336-A6C4-EF8EDCB54BC9}.Debug|Win32.ActiveCfg = Debug|Win32
		{0AD75A3C-0DD2-4336-A6C4-EF8EDCB54BC9}.Debug|Win32.Build.0 = Debug|Win32
		{0AD75A3C-0DD2-4336-A6C4-EF8EDCB54BC9}.Release|Win32.ActiveCfg = Release|Win32
		{0AD75A3C-0DD2-4336-A6C4-EF8EDCB54BC9}.Release|Win32.Build.0 = Release|Win32
		{C7D1B849-84A6-447C-9E0D-181CE572F6DA}.Debug|Win32.ActiveCfg = Debug|Win32
		{C7D1B849-84A6-447C-9E0D-181CE572F6DA}.Debug|Win32.Build.0 = Debug|Win32
		{C7D1B849-84A6-447C-9E0D-181CE572F6DA}.Release|Win32.ActiveCfg = Release|Win32
		{C7D1B849-84A6-447C-9E0D-181CE572F6DA}.Release|Win32.Build.0 = Release|Win32
		{E1E57951-E677-41EC-8175-CB05A408AFFD}.Debug|Win32.ActiveCfg = Debug|Win32
		{E1E57951-E677-41EC-8175-CB05A408AFFD}.Debug|Win32.Build.0 = Debug|Win32
		{E1E57951-E677-41EC-8175-CB05A408AFFD}.Release|Win32.ActiveCfg = Release|Win32
		{E1E57951-E677-41EC-8175-CB05A408AFFD}.Release|Win32.Build.0 = Release|Win32
		{93B12AC9-D76B-44AD-A2E0-99ED5EDAB504}.Debug|Win32.ActiveCfg = Debug|Win32
		{93B12AC9-D76B-44AD-A2E0-99ED5EDAB504}.Debug|Win32.Build.0 = Debug|Win32
		{93B12AC9-D76B-44AD-A2E0-99ED5EDAB504}.Release|Win32.ActiveCfg = Release|Win32
		{93B12AC9-D76B-44AD-A2E0-99ED5EDAB504}.Release|Win32.Build.0 = Release|Win32
		{43F45D53-7ED1-4D7A-A565-738CAF34B22D}.Debug|Win32.ActiveCfg = Debug|Win32
		{43F45D53-7ED1-4D7A-A565-738CAF34B22D}.Debug|Win32.Build.0 = Debug|Win32
		{43F45D53-7ED1-4D7A-A565-738CAF34B22D}.Release|Win32.ActiveCfg = Release|Win32
		{43F45D53-7ED1-4D7A-A565-738CAF34B22D}.Release|Win32.Build.0 = Release|Win32
		{6BF26C3C-24FF-4BF5-8B81-BC12754967E8}.Debug|Win32.ActiveCfg = Debug|Win32
		{6BF26C3C-24FF-4BF5-8B81-BC12754967E8}.Debug|Win32.Build.0 = Debug|Win32
		{6BF26C3C-24FF-4BF5-8B81-BC12754967E8}.Release|Win32.ActiveCfg = Release|Win32
		{6BF26C3C-24FF-4BF5-8B81-BC12754967E8}.Release|Win32.Build.0 = Release|Win32
		{E5501785-098E-4CF8-BC27-DBE554395ED4}.Debug|Win32.ActiveCfg = Debug|Win32
		{E5501785-098E-4CF8-BC27-DBE554395ED4}.Debug|Win32.Build.0 = Debug|Win32
		{E5501785-098E-4CF8-BC27-DBE554395ED4}.Release|Win32.ActiveCfg = Release|Win32
		{E5501785-098E-4CF8-BC27-DBE554395ED4}.Release|Win32.Build.0 = Release|Win32
		{F92A0D40-CB35-431C-AC4D-6A09E8091917}.Debug|Win32.ActiveCfg = Debug|Win32
		{F92A0D40-CB35-431C-AC4D-6A09E8091917}.Debug|Win32.Build.0 = Debug|Win32
		{F92A0D40-CB35-431C-AC4D-6A09E8091917}.Release|Win32.ActiveCfg = Release|Win32
		{F92A0D40-CB35-431C-AC4D-6A09E8091917}.Release|Win32.Build.0 = Release|Win32
		{FA20F654-6BF1-4F6F-923A-33E08E6D193A}.Debug|Win32.ActiveCfg = Debug|Win32
		{FA20F654-6BF1-4F6F-923A-33E08E6D193A}.Debug|Win32.Build.0 = Debug|Win32
		{FA20F654-6BF1-4F6F-923A-33E08E6D193A}.Release|Win32.ActiveCfg = Release|Win32
		{FA20F654-6BF1-4F6F-923A-33E08E6D193A}.Release|Win32.Build.0 = Release|Win32
		{CD48482F-172D-4E54-87B0-F439F6C54458}.Debug|Win32.ActiveCfg = Debug|Win32
		{CD48482F-172D-4E54-87B0-F439F6C54458}.Debug|Win32.Build.0 = Debug|Win32
		{CD48482F-172D-4E54-87B0-F439F6C54458}.Release|Win32.ActiveCfg = Release|Win32
		{CD48482F-172D-4E54-87B0-F439F6C54458}.Release|Win32.Build.0 = Release|Win32
		{70751908-61F3-42EC-9952-AB051AABD302}.Debug|Win32.ActiveCfg = Debug|Win32
		{70751908-61F3-42EC-9952-AB051AABD302}.Debug|Win32.Build.0 = Debug|Win32
		{70751908-61F3-42EC-9952-AB051AABD302}.Release|Win32.ActiveCfg = Release|Win32
		{70751908-61F3-42EC-9952-AB051AABD302}.Release|Win32.Build.0 = Release|Win32
		{DC996918-6E04-44E5-BEE2-B095EEEDEC3B}.Debug|Win32.ActiveCfg = Debug|Win32
		{DC996918-6E04-44E5-BEE2-B095EEEDEC3B}.Debug|Win32.Build.0 = Debug|Win32
		{DC996918-6E04-44E5-BEE2-B095EEEDEC3B}.Release|Win32.ActiveCfg = Release|Win32
		{DC996918-6E04-44E5-BEE2-B095EEEDEC3B}.Release|Win32.Build.0 = Release|Win32
		{53B75BA2-1AE7-4016-9293-C9A8E6D48342}.Debug|Win32.ActiveCfg = Debug|Win32
		{53B75BA2-1AE7-4016-9293-C9A8E6D48342}.Debug|Win32.Build.0 = Debug|Win32
		{53B75BA2-1AE7-4016-9293-C9A8E6D48342}.Release|Win32.ActiveCfg = Release|Win32
		{53B75BA2-1AE7-4016-9293-C9A8E6D48342}.Release|Win32.Build.0 = Release|Win32
		{6AA40E24-2822-4F3E-9D8D-18099C583586}.Debug|Win32.ActiveCfg = Debug|Win32
		{6AA40E24-2822-4F3E-9D8D-18099C583586}.Debug|Win32.Build.0 = Debug|Win32
		{6AA40E24-2822-4F3E-9D8D-18099C583586}.Release|Win32.ActiveCfg = Release|Win32
		{6AA40E24-2822-4F3E-9D8D-18099C583586}.Release|Win32.Build.0 = Release|Win32
		{1DF31ADC-649B-4FE2-A979-D378CBBEC4CA}.Debug|Win32.ActiveCfg = Debug|Win32
		{1DF31ADC-649B-4FE2-A979-D378CBBEC4CA}.Debug|Win32.Build.0 = Debug|Win32
		{1DF31ADC-649B-4FE2-A979-D378CBBEC4CA}.Release|Win32.ActiveCfg = Release|Win32
		{1DF31ADC-649B-4FE2-A979-D378CBBEC4CA}.Release|Win32.Build.0 = Release|Win32
		{FC7F8D2B-22CE-4076-AB75-BE913E0AA54E}.Debug|Win32.ActiveCfg = Debug|Win32
		{FC7F8D2B-22CE-4076-AB75-BE913E0AA54E}.Debug|Win32.Build.0 = Debug|Win32
		{FC7F8D2B-22CE-4076-AB75-BE913E0AA54E}.Release|Win32.ActiveCfg = Release|Win32
		{FC7F8D2B-22CE-4076-AB75-BE913E0AA54E}.Release|Win32.Build.0 = Release|Win32
		{7DC3745F-5EE4-4E0E-A457-CCD93CB7A8F7}.Debug|Win32.ActiveCfg = Debug|Win32
		{7DC3745F-5EE4-4E0E-A457-CCD93CB7A8F7}.Debug|Win32.Build.0 = Debug|Win32
		{7DC3745F-5EE4-4E0E-A457-CCD93CB7A8F7}.Release|Win32.ActiveCfg = Release|Win32
		{7DC3745F-5EE4-4E0E-A457-CCD93CB7A8F7}.Release|Win32.Build.0 = Release|Win32
		{40E1A1D3-A33B-4D71-88F2-A7292721DEB6}.Debug|Win32.ActiveCfg = Debug|Win32
		{40E1A1D3-A33B-4D71-88F2-A7292721DEB6}.Debug|Win32.Build.0 = Debug|Win32
		{40E1A1D3-A33B-4D71-88F2-A7292721DEB6}.Release|Win32.ActiveCfg = Release|Win32
		{40E1A1D3-A33B-4D71-88F2-A7292721DEB6}.Release|Win32.Build.0 = Release|Win32
		{CA33EBF6-97BD-4FAA-9CC4-F2FDAC64D110}.Debug|Win32.ActiveCfg = Debug|Win32
		{CA33EBF6-97BD-4FAA-9CC4-F2FDAC64D110}.Debug|Win32.Build.0 = Debug|Win32
		{CA33EBF6-97BD-4FAA-9CC4-F2FDAC64D110}.Release|Win32.ActiveCfg = Release|Win32
		{CA33EBF6-97BD-4FAA-9CC4-F2FDAC64D110}.Release|Win32.Build.0 = Release|Win32
		{C0021246-56F5-4224-8C67-D4CF080F3ED0}.Debug|Win32.ActiveCfg = Debug|Win32
		{C0021246-56F5-4224-8C67-D4CF080F3ED0}.Debug|Win32.Build.0 = Debug|Win32
		{C0021246-56F5-4224-8C67-D4CF080F3ED0}.Release|Win32.ActiveCfg = Release|Win32
		{C0021246-56F5-4224-8C67-D4CF080F3ED0}.Release|Win32.Build.0 = Release|Win32
		{43200149-04E4-4B9B-AA20-616FDCF61C2E}.Debug|Win32.ActiveCfg = Debug|Win32
		{43200149-04E4-4B9B-AA20-616FDCF61C2E}.Debug|Win32.Build.0 = Debug|Win32
		{43200149-04E4-4B9B-AA20-616FDCF61C2E}.Release|Win32.ActiveCfg = Release|Win32
		{43200149-04E4-4B9B-AA20-616FDCF61C2E}.Release|Win32.Build.0 = Release|Win32
		{B86DBAE1-F9F0-415C-BA7B-01E431B079A3}.Debug|Win32.ActiveCfg = Debug|Win32
		{B86DBAE1-F9F0-415C-BA7B-01E431B079A3}.Debug|Win32.Build.0 = Debug|Win32
		{B86DBAE1-F9F0-415C-BA7B-01E431B079A3}.Release|Win32.ActiveCfg = Release|Win32
		{B86DBAE1-F9F0-415C-BA7B-01E431B079A3}.Release|Win32.Build.0 = Release|Win32
		{A32918DA-E397-47C5-90F1-1483FE3A8F35}.Debug|Win32.ActiveCfg = Debug|Win32
		{A32918DA-E397-47C5-90F1-1483FE3A8F35}.Debug|Win32.Build.0 = Debug|Win32
		{A32918DA-E397-47C5-90F1-1483FE3A8F35}.Release|Win32.ActiveCfg = Release|Win32
		{A32918DA-E397-47C5-90F1-1483FE3A8F35}.Release|Win32.Build.0 = Release|Win32
		{8B054548-4CC1-4884-8F6B-070E8955BAF9}.Debug|Win32.ActiveCfg = Debug|Win32
		{8B054548-4CC1-4884-8F6B-070E8955BAF9}.Debug|Win32.Build.0 = Debug|Win32
		{8B054548-4CC1-4884-8F6B-070E8955BAF9}.Release|Win32.ActiveCfg = Release|Win32
		{8B054548-4CC1-4884-8F6B-070E8955BAF9}.Release|Win32.Build.0 = Release|Win32
		{E99C7222-9661-476F-A24C-DF8E0F2B7F9A}.Debug|Win32.ActiveCfg = Debug|Win32
		{E99C7222-9661-476F-A24C-DF8E0F2B7F9A}.Debug|Win32.Build.0 = Debug|Win32
		{E99C7222-9661-476F-A24C-DF8E0F2B7F9A}.Release|Win32.ActiveCfg = Release|Win32
		{E99C7222-9661-476F-A24C-DF8E0F2B7F9A}.Release|Win32.Build.0 = Release|Win32
		{C39EB931-73F0-418F-9B6D-2E260717AD0C}.Debug|Win32.ActiveCfg = Debug|Win32
		{C39EB931-73F0-418F-9B6D-2E260717AD0C}.Debug|Win32.Build.0 = Debug|Win32
		{C39EB931-73F0-418F-9B6D-2E260717AD0C}.Release|Win32.ActiveCfg = Release|Win32
		{C39EB931-73F0-418F-9B6D-2E260717AD0C}.Release|Win32.Build.0 = Release|Win32
		{461BFC5D-8380-426B-8B94-9F043C048451}.Debug|Win32.ActiveCfg = Debug|Win32
		{461BFC5D-8380-426B-8B94-9F043C048451}.Debug|Win32.Build.0 = Debug|Win32
		{461BFC5D-8380-426B-8B94-9F043C048451}.Release|Win32.ActiveCfg = Release|Win32
		{461BFC5D-8380-426B-8B94-9F043C048451}.Release|Win32.Build.0 = Release|Win32
		{E777DAEF-45F7-41D8-8808-A15AA5A53D59}.Debug|Win32.ActiveCfg = Debug|Win32
		{E777DAEF-45F7-41D8-8808-A15AA5A53D59}.Debug|Win32.Build.0 = Debug|Win32
		{E777DAEF-45F7-41D8-8808-A15AA5A53D59}.Release|Win32.ActiveCfg = Release|Win32
		{E777DAEF-45F7-41D8-8808-A15AA5A53D59}.Release|Win32.Build.0 = Release|Win32
	EndGlobalSection
	GlobalSection(ExtensibilityGlobals) = postSolution
	EndGlobalSection
	GlobalSection(ExtensibilityAddIns) = postSolution
	EndGlobalSection
EndGlobal
